
Microsoft Visual Studio Solution File, Format Version 12.00
# Visual Studio Version 16
VisualStudioVersion = 16.0.31321.278
MinimumVisualStudioVersion = 10.0.40219.1
Project("{9A19103F-16F7-4668-BE54-9A1E7A4F7556}") = "InterviewTool", "InterviewTool\InterviewTool.csproj", "{0F9C3FAE-1D22-4C05-9C74-B7F39DC20B50}"
EndProject
Global
	GlobalSection(SolutionConfigurationPlatforms) = preSolution
		Debug|Any CPU = Debug|Any CPU
		Release|Any CPU = Release|Any CPU
	EndGlobalSection
	GlobalSection(ProjectConfigurationPlatforms) = postSolution
		{0F9C3FAE-1D22-4C05-9C74-B7F39DC20B50}.Debug|Any CPU.ActiveCfg = Debug|Any CPU
		{0F9C3FAE-1D22-4C05-9C74-B7F39DC20B50}.Debug|Any CPU.Build.0 = Debug|Any CPU
		{0F9C3FAE-1D22-4C05-9C74-B7F39DC20B50}.Release|Any CPU.ActiveCfg = Release|Any CPU
		{0F9C3FAE-1D22-4C05-9C74-B7F39DC20B50}.Release|Any CPU.Build.0 = Release|Any CPU
	EndGlobalSection
	GlobalSection(SolutionProperties) = preSolution
		HideSolutionNode = FALSE
	EndGlobalSection
	GlobalSection(ExtensibilityGlobals) = postSolution
		SolutionGuid = {90C903AF-C586-4794-9182-B53FE7FA6228}
	EndGlobalSection
EndGlobal
